<?xml version="1.0" encoding="utf-8"?>
<Project ToolsVersion="17.0" xmlns="http://schemas.microsoft.com/developer/msbuild/2003">
  <ItemGroup>
    <CustomBuild Include="F:\VScode\Read\particlebook-cpp\build2\CMakeFiles\60332a95bffa81c3a3af000604568464\INSTALL_force.rule">
      <Filter>CMake Rules</Filter>
    </CustomBuild>
  </ItemGroup>
  <ItemGroup>
    <Filter Include="CMake Rules">
      <UniqueIdentifier>{3AA6E95E-2AA5-3F43-91D7-F1EF6112DEA1}</UniqueIdentifier>
    </Filter>
  </ItemGroup>
</Project>
