<?xml version="1.0" encoding="utf-8"?>
<Project ToolsVersion="17.0" xmlns="http://schemas.microsoft.com/developer/msbuild/2003">
  <ItemGroup>
    <ClCompile Include="F:\VScode\Read\particlebook-cpp\src\main.cpp">
      <Filter>Source Files</Filter>
    </ClCompile>
    <ClCompile Include="F:\VScode\Read\particlebook-cpp\src\App.cpp">
      <Filter>Source Files</Filter>
    </ClCompile>
    <ClCompile Include="F:\VScode\Read\particlebook-cpp\src\WebViewHost.cpp">
      <Filter>Source Files</Filter>
    </ClCompile>
    <ClCompile Include="F:\VScode\Read\particlebook-cpp\src\BridgeServer.cpp">
      <Filter>Source Files</Filter>
    </ClCompile>
    <ClCompile Include="F:\VScode\Read\particlebook-cpp\src\services\DatabaseService.cpp">
      <Filter>Source Files</Filter>
    </ClCompile>
    <ClCompile Include="F:\VScode\Read\particlebook-cpp\src\services\LibraryService.cpp">
      <Filter>Source Files</Filter>
    </ClCompile>
    <ClCompile Include="F:\VScode\Read\particlebook-cpp\src\services\PdfService.cpp">
      <Filter>Source Files</Filter>
    </ClCompile>
    <ClCompile Include="F:\VScode\Read\particlebook-cpp\src\services\BookSourceService.cpp">
      <Filter>Source Files</Filter>
    </ClCompile>
    <ClCompile Include="F:\VScode\Read\particlebook-cpp\src\services\ZLibraryService.cpp">
      <Filter>Source Files</Filter>
    </ClCompile>
    <ClCompile Include="F:\VScode\Read\particlebook-cpp\src\services\ContentCache.cpp">
      <Filter>Source Files</Filter>
    </ClCompile>
    <ClCompile Include="F:\VScode\Read\particlebook-cpp\src\utils\ZipReader.cpp">
      <Filter>Source Files</Filter>
    </ClCompile>
    <ClCompile Include="F:\VScode\Read\particlebook-cpp\src\handlers\DbHandlers.cpp">
      <Filter>Source Files</Filter>
    </ClCompile>
    <ClCompile Include="F:\VScode\Read\particlebook-cpp\src\handlers\FileHandlers.cpp">
      <Filter>Source Files</Filter>
    </ClCompile>
    <ClCompile Include="F:\VScode\Read\particlebook-cpp\third_party\tinyxml2.cpp">
      <Filter>Source Files</Filter>
    </ClCompile>
    <ClCompile Include="F:\VScode\Read\particlebook-cpp\third_party\miniz.c">
      <Filter>Source Files</Filter>
    </ClCompile>
    <ClCompile Include="F:\VScode\Read\particlebook-cpp\third_party\miniz_tdef.c">
      <Filter>Source Files</Filter>
    </ClCompile>
    <ClCompile Include="F:\VScode\Read\particlebook-cpp\third_party\miniz_tinfl.c">
      <Filter>Source Files</Filter>
    </ClCompile>
  </ItemGroup>
  <ItemGroup>
    <CustomBuild Include="F:\VScode\Read\particlebook-cpp\CMakeLists.txt" />
  </ItemGroup>
  <ItemGroup>
    <Filter Include="Source Files">
      <UniqueIdentifier>{CAE7BF2C-BF31-34D0-A2B9-DCAEB665C8D3}</UniqueIdentifier>
    </Filter>
  </ItemGroup>
</Project>
